
Microsoft Visual Studio Solution File, Format Version 12.00
# Visual Studio Version 17
VisualStudioVersion = 17.0.31903.59
MinimumVisualStudioVersion = 10.0.40219.1
Project("{2150E333-8FDC-42A3-9474-1A3956D46DE8}") = "src", "src", "{20BA67C1-BAB2-45C7-B8C0-04DD39CD2D78}"
EndProject
Project("{2150E333-8FDC-42A3-9474-1A3956D46DE8}") = "tests", "tests", "{30640781-D8A3-4644-B7F3-721811B85A30}"
EndProject
Project("{2150E333-8FDC-42A3-9474-1A3956D46DE8}") = "Utils", "Utils", "{0B47C2AA-EDC7-46E6-B8C1-C0A90D4F8A31}"
EndProject
Project("{2150E333-8FDC-42A3-9474-1A3956D46DE8}") = "Application", "Application", "{50451895-2F3F-46E4-B959-700AEECB3B9D}"
EndProject
Project("{2150E333-8FDC-42A3-9474-1A3956D46DE8}") = "Domain", "Domain", "{A16E9053-AF77-4D67-9DE7-276D9FBB4476}"
EndProject
Project("{2150E333-8FDC-42A3-9474-1A3956D46DE8}") = "Presentation", "Presentation", "{88FBBB04-35C5-4FB5-8BB2-3FECA846FF18}"
EndProject
Project("{2150E333-8FDC-42A3-9474-1A3956D46DE8}") = "Infrastructure", "Infrastructure", "{FF0E5D99-25FE-4E0A-BAA5-4FFF7D7CB0AC}"
EndProject
Project("{2150E333-8FDC-42A3-9474-1A3956D46DE8}") = "Query", "Query", "{ACC2B280-F38F-479D-A80F-AC50C1EAF479}"
EndProject
Project("{2150E333-8FDC-42A3-9474-1A3956D46DE8}") = "Framework", "Framework", "{88B0620E-34A8-4C7B-90A0-22B07638B6F9}"
EndProject
Project("{9A19103F-16F7-4668-BE54-9A1E7A4F7556}") = "HumanResource.Framework.Application", "src\Framework\Framework.Application\HumanResource.Framework.Application.csproj", "{5123496C-C0AC-44B3-960E-E55E6A57039D}"
EndProject
Project("{9A19103F-16F7-4668-BE54-9A1E7A4F7556}") = "HumanResource.Framework.Common", "src\Framework\Framework.Common\HumanResource.Framework.Common.csproj", "{61012F5C-E111-4A79-8211-BD60DEB796E9}"
EndProject
Project("{9A19103F-16F7-4668-BE54-9A1E7A4F7556}") = "HumanResource.Framework.Core", "src\Framework\Framework.Core\HumanResource.Framework.Core.csproj", "{36401EB6-C279-4227-92BF-C2F345FA0E7F}"
EndProject
Project("{9A19103F-16F7-4668-BE54-9A1E7A4F7556}") = "HumanResource.Framework.Domain", "src\Framework\Framework.Domain\HumanResource.Framework.Domain.csproj", "{89B72A2C-2325-45BE-8459-1BFB8F65080B}"
EndProject
Project("{9A19103F-16F7-4668-BE54-9A1E7A4F7556}") = "HumanResource.Framework.Ioc.Config", "src\Framework\Framework.Ioc.Config\HumanResource.Framework.Ioc.Config.csproj", "{87791A1E-88F7-472A-ACE2-D653232A381A}"
EndProject
Project("{9A19103F-16F7-4668-BE54-9A1E7A4F7556}") = "HumanResource.Framework.Test.Utils", "src\Framework\Framework.Test.Utils\HumanResource.Framework.Test.Utils.csproj", "{6A4D9CF3-7B11-41C5-AA05-E3D4BC03A8BE}"
EndProject
Project("{9A19103F-16F7-4668-BE54-9A1E7A4F7556}") = "HumanResource.Application", "src\Application\HumanResource.Application\HumanResource.Application.csproj", "{FCDC788E-0E54-4145-A717-DE76FB789ADA}"
EndProject
Project("{9A19103F-16F7-4668-BE54-9A1E7A4F7556}") = "HumanResource.Application.Shared", "src\Application\HumanResource.Application.Shared\HumanResource.Application.Shared.csproj", "{E1BE3075-3961-46C9-A65B-4CF82EA5D3CA}"
EndProject
Project("{9A19103F-16F7-4668-BE54-9A1E7A4F7556}") = "HumanResource.Application.Facade", "src\Application\HumanResource.Application.Facade\HumanResource.Application.Facade.csproj", "{24EE2C02-88AF-4944-891F-66B2A4FDBDEE}"
EndProject
Project("{9A19103F-16F7-4668-BE54-9A1E7A4F7556}") = "HumanResource.Application.Facade.Query", "src\Application\HumanResource.Application.Facade.Query\HumanResource.Application.Facade.Query.csproj", "{675F0459-9DA1-4977-B0C7-A13026885558}"
EndProject
Project("{9A19103F-16F7-4668-BE54-9A1E7A4F7556}") = "HumanResource.Core", "src\Domain\HumanResource.Core\HumanResource.Core.csproj", "{93CDA224-14FD-43B6-9328-0DE4C2CEE20E}"
EndProject
Project("{9A19103F-16F7-4668-BE54-9A1E7A4F7556}") = "HumanResource.Domain", "src\Domain\HumanResource.Domain\HumanResource.Domain.csproj", "{037ADDC2-BEC1-4DEE-BB4C-FEF7ECDB5CA1}"
EndProject
Project("{9A19103F-16F7-4668-BE54-9A1E7A4F7556}") = "HumanResource.Domain.Shared", "src\Domain\HumanResource.Domain.Shared\HumanResource.Domain.Shared.csproj", "{1E86BD2B-2B91-4BCA-8EB2-CEAB3283D5B2}"
EndProject
Project("{9A19103F-16F7-4668-BE54-9A1E7A4F7556}") = "HumanResource.Config", "src\Infrastructure\HumanResource.Config\HumanResource.Config.csproj", "{4BEFF740-0B80-48CF-BB61-6C396F66B55D}"
EndProject
Project("{9A19103F-16F7-4668-BE54-9A1E7A4F7556}") = "HumanResource.Persistence.EF", "src\Infrastructure\HumanResource.Persistence.EF\HumanResource.Persistence.EF.csproj", "{8CED3267-ECAA-480F-B34B-89DFE0728C0A}"
EndProject
Project("{9A19103F-16F7-4668-BE54-9A1E7A4F7556}") = "HumanResource.Presentation.RestApi", "src\Presentation\HumanResource.Presentation.RestApi\HumanResource.Presentation.RestApi.csproj", "{6A981F06-1455-471D-B42F-0639996E3E0F}"
EndProject
Project("{9A19103F-16F7-4668-BE54-9A1E7A4F7556}") = "HumanResource.Presentation.Subscriber", "src\Presentation\HumanResource.Presentation.Subscriber\HumanResource.Presentation.Subscriber.csproj", "{FB329847-4899-47BB-AAFD-757512247D38}"
EndProject
Project("{9A19103F-16F7-4668-BE54-9A1E7A4F7556}") = "HumanResource.Query.EF", "src\Query\HumanResource.Query.EF\HumanResource.Query.EF.csproj", "{D315958D-A5E6-48C9-BC9B-CB47ABDCF920}"
EndProject
Project("{9A19103F-16F7-4668-BE54-9A1E7A4F7556}") = "HumanResource.Query.Model", "src\Query\HumanResource.Query.Model\HumanResource.Query.Model.csproj", "{A86B1A11-1BC5-4891-B895-5B5E895B4751}"
EndProject
Project("{9A19103F-16F7-4668-BE54-9A1E7A4F7556}") = "HumanResource.Domain.Tests.Utils", "tests\Utils\HumanResource.Domain.Tests.Utils\HumanResource.Domain.Tests.Utils.csproj", "{D49B4EC2-FD3E-47FE-9FC8-4D4723EF31DE}"
EndProject
Project("{9A19103F-16F7-4668-BE54-9A1E7A4F7556}") = "HumanResource.Domain.Tests.Unit", "tests\HumanResource.Domain.Tests.Unit\HumanResource.Domain.Tests.Unit.csproj", "{A11055BF-68CE-44F3-AE04-A2C325B5019D}"
EndProject
Project("{9A19103F-16F7-4668-BE54-9A1E7A4F7556}") = "HumanResource.Persistence.EF.Tests.Integration", "tests\HumanResource.Persistence.EF.Tests.Integration\HumanResource.Persistence.EF.Tests.Integration.csproj", "{40124417-DD6D-4AF8-AF97-1AD458C94775}"
EndProject
Global
	GlobalSection(SolutionConfigurationPlatforms) = preSolution
		Debug|Any CPU = Debug|Any CPU
		Release|Any CPU = Release|Any CPU
	EndGlobalSection
	GlobalSection(ProjectConfigurationPlatforms) = postSolution
		{5123496C-C0AC-44B3-960E-E55E6A57039D}.Debug|Any CPU.ActiveCfg = Debug|Any CPU
		{5123496C-C0AC-44B3-960E-E55E6A57039D}.Debug|Any CPU.Build.0 = Debug|Any CPU
		{5123496C-C0AC-44B3-960E-E55E6A57039D}.Release|Any CPU.ActiveCfg = Release|Any CPU
		{5123496C-C0AC-44B3-960E-E55E6A57039D}.Release|Any CPU.Build.0 = Release|Any CPU
		{61012F5C-E111-4A79-8211-BD60DEB796E9}.Debug|Any CPU.ActiveCfg = Debug|Any CPU
		{61012F5C-E111-4A79-8211-BD60DEB796E9}.Debug|Any CPU.Build.0 = Debug|Any CPU
		{61012F5C-E111-4A79-8211-BD60DEB796E9}.Release|Any CPU.ActiveCfg = Release|Any CPU
		{61012F5C-E111-4A79-8211-BD60DEB796E9}.Release|Any CPU.Build.0 = Release|Any CPU
		{36401EB6-C279-4227-92BF-C2F345FA0E7F}.Debug|Any CPU.ActiveCfg = Debug|Any CPU
		{36401EB6-C279-4227-92BF-C2F345FA0E7F}.Debug|Any CPU.Build.0 = Debug|Any CPU
		{36401EB6-C279-4227-92BF-C2F345FA0E7F}.Release|Any CPU.ActiveCfg = Release|Any CPU
		{36401EB6-C279-4227-92BF-C2F345FA0E7F}.Release|Any CPU.Build.0 = Release|Any CPU
		{89B72A2C-2325-45BE-8459-1BFB8F65080B}.Debug|Any CPU.ActiveCfg = Debug|Any CPU
		{89B72A2C-2325-45BE-8459-1BFB8F65080B}.Debug|Any CPU.Build.0 = Debug|Any CPU
		{89B72A2C-2325-45BE-8459-1BFB8F65080B}.Release|Any CPU.ActiveCfg = Release|Any CPU
		{89B72A2C-2325-45BE-8459-1BFB8F65080B}.Release|Any CPU.Build.0 = Release|Any CPU
		{87791A1E-88F7-472A-ACE2-D653232A381A}.Debug|Any CPU.ActiveCfg = Debug|Any CPU
		{87791A1E-88F7-472A-ACE2-D653232A381A}.Debug|Any CPU.Build.0 = Debug|Any CPU
		{87791A1E-88F7-472A-ACE2-D653232A381A}.Release|Any CPU.ActiveCfg = Release|Any CPU
		{87791A1E-88F7-472A-ACE2-D653232A381A}.Release|Any CPU.Build.0 = Release|Any CPU
		{6A4D9CF3-7B11-41C5-AA05-E3D4BC03A8BE}.Debug|Any CPU.ActiveCfg = Debug|Any CPU
		{6A4D9CF3-7B11-41C5-AA05-E3D4BC03A8BE}.Debug|Any CPU.Build.0 = Debug|Any CPU
		{6A4D9CF3-7B11-41C5-AA05-E3D4BC03A8BE}.Release|Any CPU.ActiveCfg = Release|Any CPU
		{6A4D9CF3-7B11-41C5-AA05-E3D4BC03A8BE}.Release|Any CPU.Build.0 = Release|Any CPU
		{FCDC788E-0E54-4145-A717-DE76FB789ADA}.Debug|Any CPU.ActiveCfg = Debug|Any CPU
		{FCDC788E-0E54-4145-A717-DE76FB789ADA}.Debug|Any CPU.Build.0 = Debug|Any CPU
		{FCDC788E-0E54-4145-A717-DE76FB789ADA}.Release|Any CPU.ActiveCfg = Release|Any CPU
		{FCDC788E-0E54-4145-A717-DE76FB789ADA}.Release|Any CPU.Build.0 = Release|Any CPU
		{E1BE3075-3961-46C9-A65B-4CF82EA5D3CA}.Debug|Any CPU.ActiveCfg = Debug|Any CPU
		{E1BE3075-3961-46C9-A65B-4CF82EA5D3CA}.Debug|Any CPU.Build.0 = Debug|Any CPU
		{E1BE3075-3961-46C9-A65B-4CF82EA5D3CA}.Release|Any CPU.ActiveCfg = Release|Any CPU
		{E1BE3075-3961-46C9-A65B-4CF82EA5D3CA}.Release|Any CPU.Build.0 = Release|Any CPU
		{24EE2C02-88AF-4944-891F-66B2A4FDBDEE}.Debug|Any CPU.ActiveCfg = Debug|Any CPU
		{24EE2C02-88AF-4944-891F-66B2A4FDBDEE}.Debug|Any CPU.Build.0 = Debug|Any CPU
		{24EE2C02-88AF-4944-891F-66B2A4FDBDEE}.Release|Any CPU.ActiveCfg = Release|Any CPU
		{24EE2C02-88AF-4944-891F-66B2A4FDBDEE}.Release|Any CPU.Build.0 = Release|Any CPU
		{675F0459-9DA1-4977-B0C7-A13026885558}.Debug|Any CPU.ActiveCfg = Debug|Any CPU
		{675F0459-9DA1-4977-B0C7-A13026885558}.Debug|Any CPU.Build.0 = Debug|Any CPU
		{675F0459-9DA1-4977-B0C7-A13026885558}.Release|Any CPU.ActiveCfg = Release|Any CPU
		{675F0459-9DA1-4977-B0C7-A13026885558}.Release|Any CPU.Build.0 = Release|Any CPU
		{93CDA224-14FD-43B6-9328-0DE4C2CEE20E}.Debug|Any CPU.ActiveCfg = Debug|Any CPU
		{93CDA224-14FD-43B6-9328-0DE4C2CEE20E}.Debug|Any CPU.Build.0 = Debug|Any CPU
		{93CDA224-14FD-43B6-9328-0DE4C2CEE20E}.Release|Any CPU.ActiveCfg = Release|Any CPU
		{93CDA224-14FD-43B6-9328-0DE4C2CEE20E}.Release|Any CPU.Build.0 = Release|Any CPU
		{037ADDC2-BEC1-4DEE-BB4C-FEF7ECDB5CA1}.Debug|Any CPU.ActiveCfg = Debug|Any CPU
		{037ADDC2-BEC1-4DEE-BB4C-FEF7ECDB5CA1}.Debug|Any CPU.Build.0 = Debug|Any CPU
		{037ADDC2-BEC1-4DEE-BB4C-FEF7ECDB5CA1}.Release|Any CPU.ActiveCfg = Release|Any CPU
		{037ADDC2-BEC1-4DEE-BB4C-FEF7ECDB5CA1}.Release|Any CPU.Build.0 = Release|Any CPU
		{1E86BD2B-2B91-4BCA-8EB2-CEAB3283D5B2}.Debug|Any CPU.ActiveCfg = Debug|Any CPU
		{1E86BD2B-2B91-4BCA-8EB2-CEAB3283D5B2}.Debug|Any CPU.Build.0 = Debug|Any CPU
		{1E86BD2B-2B91-4BCA-8EB2-CEAB3283D5B2}.Release|Any CPU.ActiveCfg = Release|Any CPU
		{1E86BD2B-2B91-4BCA-8EB2-CEAB3283D5B2}.Release|Any CPU.Build.0 = Release|Any CPU
		{4BEFF740-0B80-48CF-BB61-6C396F66B55D}.Debug|Any CPU.ActiveCfg = Debug|Any CPU
		{4BEFF740-0B80-48CF-BB61-6C396F66B55D}.Debug|Any CPU.Build.0 = Debug|Any CPU
		{4BEFF740-0B80-48CF-BB61-6C396F66B55D}.Release|Any CPU.ActiveCfg = Release|Any CPU
		{4BEFF740-0B80-48CF-BB61-6C396F66B55D}.Release|Any CPU.Build.0 = Release|Any CPU
		{8CED3267-ECAA-480F-B34B-89DFE0728C0A}.Debug|Any CPU.ActiveCfg = Debug|Any CPU
		{8CED3267-ECAA-480F-B34B-89DFE0728C0A}.Debug|Any CPU.Build.0 = Debug|Any CPU
		{8CED3267-ECAA-480F-B34B-89DFE0728C0A}.Release|Any CPU.ActiveCfg = Release|Any CPU
		{8CED3267-ECAA-480F-B34B-89DFE0728C0A}.Release|Any CPU.Build.0 = Release|Any CPU
		{6A981F06-1455-471D-B42F-0639996E3E0F}.Debug|Any CPU.ActiveCfg = Debug|Any CPU
		{6A981F06-1455-471D-B42F-0639996E3E0F}.Debug|Any CPU.Build.0 = Debug|Any CPU
		{6A981F06-1455-471D-B42F-0639996E3E0F}.Release|Any CPU.ActiveCfg = Release|Any CPU
		{6A981F06-1455-471D-B42F-0639996E3E0F}.Release|Any CPU.Build.0 = Release|Any CPU
		{FB329847-4899-47BB-AAFD-757512247D38}.Debug|Any CPU.ActiveCfg = Debug|Any CPU
		{FB329847-4899-47BB-AAFD-757512247D38}.Debug|Any CPU.Build.0 = Debug|Any CPU
		{FB329847-4899-47BB-AAFD-757512247D38}.Release|Any CPU.ActiveCfg = Release|Any CPU
		{FB329847-4899-47BB-AAFD-757512247D38}.Release|Any CPU.Build.0 = Release|Any CPU
		{D315958D-A5E6-48C9-BC9B-CB47ABDCF920}.Debug|Any CPU.ActiveCfg = Debug|Any CPU
		{D315958D-A5E6-48C9-BC9B-CB47ABDCF920}.Debug|Any CPU.Build.0 = Debug|Any CPU
		{D315958D-A5E6-48C9-BC9B-CB47ABDCF920}.Release|Any CPU.ActiveCfg = Release|Any CPU
		{D315958D-A5E6-48C9-BC9B-CB47ABDCF920}.Release|Any CPU.Build.0 = Release|Any CPU
		{A86B1A11-1BC5-4891-B895-5B5E895B4751}.Debug|Any CPU.ActiveCfg = Debug|Any CPU
		{A86B1A11-1BC5-4891-B895-5B5E895B4751}.Debug|Any CPU.Build.0 = Debug|Any CPU
		{A86B1A11-1BC5-4891-B895-5B5E895B4751}.Release|Any CPU.ActiveCfg = Release|Any CPU
		{A86B1A11-1BC5-4891-B895-5B5E895B4751}.Release|Any CPU.Build.0 = Release|Any CPU
		{D49B4EC2-FD3E-47FE-9FC8-4D4723EF31DE}.Debug|Any CPU.ActiveCfg = Debug|Any CPU
		{D49B4EC2-FD3E-47FE-9FC8-4D4723EF31DE}.Debug|Any CPU.Build.0 = Debug|Any CPU
		{D49B4EC2-FD3E-47FE-9FC8-4D4723EF31DE}.Release|Any CPU.ActiveCfg = Release|Any CPU
		{D49B4EC2-FD3E-47FE-9FC8-4D4723EF31DE}.Release|Any CPU.Build.0 = Release|Any CPU
		{A11055BF-68CE-44F3-AE04-A2C325B5019D}.Debug|Any CPU.ActiveCfg = Debug|Any CPU
		{A11055BF-68CE-44F3-AE04-A2C325B5019D}.Debug|Any CPU.Build.0 = Debug|Any CPU
		{A11055BF-68CE-44F3-AE04-A2C325B5019D}.Release|Any CPU.ActiveCfg = Release|Any CPU
		{A11055BF-68CE-44F3-AE04-A2C325B5019D}.Release|Any CPU.Build.0 = Release|Any CPU
		{40124417-DD6D-4AF8-AF97-1AD458C94775}.Debug|Any CPU.ActiveCfg = Debug|Any CPU
		{40124417-DD6D-4AF8-AF97-1AD458C94775}.Debug|Any CPU.Build.0 = Debug|Any CPU
		{40124417-DD6D-4AF8-AF97-1AD458C94775}.Release|Any CPU.ActiveCfg = Release|Any CPU
		{40124417-DD6D-4AF8-AF97-1AD458C94775}.Release|Any CPU.Build.0 = Release|Any CPU
	EndGlobalSection
	GlobalSection(SolutionProperties) = preSolution
		HideSolutionNode = FALSE
	EndGlobalSection
	GlobalSection(NestedProjects) = preSolution
		{0B47C2AA-EDC7-46E6-B8C1-C0A90D4F8A31} = {30640781-D8A3-4644-B7F3-721811B85A30}
		{50451895-2F3F-46E4-B959-700AEECB3B9D} = {20BA67C1-BAB2-45C7-B8C0-04DD39CD2D78}
		{A16E9053-AF77-4D67-9DE7-276D9FBB4476} = {20BA67C1-BAB2-45C7-B8C0-04DD39CD2D78}
		{88FBBB04-35C5-4FB5-8BB2-3FECA846FF18} = {20BA67C1-BAB2-45C7-B8C0-04DD39CD2D78}
		{FF0E5D99-25FE-4E0A-BAA5-4FFF7D7CB0AC} = {20BA67C1-BAB2-45C7-B8C0-04DD39CD2D78}
		{ACC2B280-F38F-479D-A80F-AC50C1EAF479} = {20BA67C1-BAB2-45C7-B8C0-04DD39CD2D78}
		{88B0620E-34A8-4C7B-90A0-22B07638B6F9} = {20BA67C1-BAB2-45C7-B8C0-04DD39CD2D78}
		{5123496C-C0AC-44B3-960E-E55E6A57039D} = {88B0620E-34A8-4C7B-90A0-22B07638B6F9}
		{61012F5C-E111-4A79-8211-BD60DEB796E9} = {88B0620E-34A8-4C7B-90A0-22B07638B6F9}
		{36401EB6-C279-4227-92BF-C2F345FA0E7F} = {88B0620E-34A8-4C7B-90A0-22B07638B6F9}
		{89B72A2C-2325-45BE-8459-1BFB8F65080B} = {88B0620E-34A8-4C7B-90A0-22B07638B6F9}
		{87791A1E-88F7-472A-ACE2-D653232A381A} = {88B0620E-34A8-4C7B-90A0-22B07638B6F9}
		{6A4D9CF3-7B11-41C5-AA05-E3D4BC03A8BE} = {88B0620E-34A8-4C7B-90A0-22B07638B6F9}
		{FCDC788E-0E54-4145-A717-DE76FB789ADA} = {50451895-2F3F-46E4-B959-700AEECB3B9D}
		{E1BE3075-3961-46C9-A65B-4CF82EA5D3CA} = {50451895-2F3F-46E4-B959-700AEECB3B9D}
		{24EE2C02-88AF-4944-891F-66B2A4FDBDEE} = {50451895-2F3F-46E4-B959-700AEECB3B9D}
		{675F0459-9DA1-4977-B0C7-A13026885558} = {50451895-2F3F-46E4-B959-700AEECB3B9D}
		{93CDA224-14FD-43B6-9328-0DE4C2CEE20E} = {A16E9053-AF77-4D67-9DE7-276D9FBB4476}
		{037ADDC2-BEC1-4DEE-BB4C-FEF7ECDB5CA1} = {A16E9053-AF77-4D67-9DE7-276D9FBB4476}
		{1E86BD2B-2B91-4BCA-8EB2-CEAB3283D5B2} = {A16E9053-AF77-4D67-9DE7-276D9FBB4476}
		{4BEFF740-0B80-48CF-BB61-6C396F66B55D} = {FF0E5D99-25FE-4E0A-BAA5-4FFF7D7CB0AC}
		{8CED3267-ECAA-480F-B34B-89DFE0728C0A} = {FF0E5D99-25FE-4E0A-BAA5-4FFF7D7CB0AC}
		{6A981F06-1455-471D-B42F-0639996E3E0F} = {88FBBB04-35C5-4FB5-8BB2-3FECA846FF18}
		{FB329847-4899-47BB-AAFD-757512247D38} = {88FBBB04-35C5-4FB5-8BB2-3FECA846FF18}
		{D315958D-A5E6-48C9-BC9B-CB47ABDCF920} = {ACC2B280-F38F-479D-A80F-AC50C1EAF479}
		{A86B1A11-1BC5-4891-B895-5B5E895B4751} = {ACC2B280-F38F-479D-A80F-AC50C1EAF479}
		{D49B4EC2-FD3E-47FE-9FC8-4D4723EF31DE} = {0B47C2AA-EDC7-46E6-B8C1-C0A90D4F8A31}
		{A11055BF-68CE-44F3-AE04-A2C325B5019D} = {30640781-D8A3-4644-B7F3-721811B85A30}
		{40124417-DD6D-4AF8-AF97-1AD458C94775} = {30640781-D8A3-4644-B7F3-721811B85A30}
	EndGlobalSection
	GlobalSection(ExtensibilityGlobals) = postSolution
		SolutionGuid = {4B5576B3-6A74-4F9D-BAC2-BE8917A7CB4B}
	EndGlobalSection
EndGlobal
